
Microsoft Visual Studio Solution File, Format Version 12.00
# Visual Studio Version 17
VisualStudioVersion = 17.13.36105.23 d17.13
MinimumVisualStudioVersion = 10.0.40219.1
Project("{FAE04EC0-301F-11D3-BF4B-00C04F79EFBC}") = "FastTechFoods.ProductsService.API", "FastTechFoods.ProductsService.API\FastTechFoods.ProductsService.API.csproj", "{FB7694BA-728E-4F20-904B-B9EACC02B3B6}"
EndProject
Project("{FAE04EC0-301F-11D3-BF4B-00C04F79EFBC}") = "FastTechFoods.ProductsService.Application", "FastTechFoods.ProductsService.Application\FastTechFoods.ProductsService.Application.csproj", "{377665FE-72FA-468A-9743-741DDF99DAA8}"
EndProject
Project("{FAE04EC0-301F-11D3-BF4B-00C04F79EFBC}") = "FastTechFoods.ProductsService.Domain", "FastTechFoods.ProductsService.Domain\FastTechFoods.ProductsService.Domain.csproj", "{A0A44A6D-5199-47A9-9993-20553D58A8A1}"
EndProject
Project("{FAE04EC0-301F-11D3-BF4B-00C04F79EFBC}") = "FastTechFoods.ProductsService.Infrastructure", "FastTechFoods.ProductsService.Infrastructure\FastTechFoods.ProductsService.Infrastructure.csproj", "{7B2A151A-9D30-449D-8DD1-C7E2E9BFC724}"
EndProject
Project("{FAE04EC0-301F-11D3-BF4B-00C04F79EFBC}") = "FastTechFoods.ProductsService.Tests", "FastTechFoods.ProductsService.Tests\FastTechFoods.ProductsService.Tests.csproj", "{06157136-4DF8-4248-ADCB-4DE7DBCA02EA}"
EndProject
Project("{2150E333-8FDC-42A3-9474-1A3956D46DE8}") = "Solution Items", "Solution Items", "{8EC462FD-D22E-90A8-E5CE-7E832BA40C5D}"
	ProjectSection(SolutionItems) = preProject
		docker-compose.yml = docker-compose.yml
		Dockerfile = Dockerfile
	EndProjectSection
EndProject
Project("{FAE04EC0-301F-11D3-BF4B-00C04F79EFBC}") = "FastTechFoods.SDK", "FastTechFoods.SDK\FastTechFoods.SDK.csproj", "{11381455-B05A-12CA-E7D4-F8D8C180603A}"
EndProject
Global
	GlobalSection(SolutionConfigurationPlatforms) = preSolution
		Debug|Any CPU = Debug|Any CPU
		Release|Any CPU = Release|Any CPU
	EndGlobalSection
	GlobalSection(ProjectConfigurationPlatforms) = postSolution
		{FB7694BA-728E-4F20-904B-B9EACC02B3B6}.Debug|Any CPU.ActiveCfg = Debug|Any CPU
		{FB7694BA-728E-4F20-904B-B9EACC02B3B6}.Debug|Any CPU.Build.0 = Debug|Any CPU
		{FB7694BA-728E-4F20-904B-B9EACC02B3B6}.Release|Any CPU.ActiveCfg = Release|Any CPU
		{FB7694BA-728E-4F20-904B-B9EACC02B3B6}.Release|Any CPU.Build.0 = Release|Any CPU
		{377665FE-72FA-468A-9743-741DDF99DAA8}.Debug|Any CPU.ActiveCfg = Debug|Any CPU
		{377665FE-72FA-468A-9743-741DDF99DAA8}.Debug|Any CPU.Build.0 = Debug|Any CPU
		{377665FE-72FA-468A-9743-741DDF99DAA8}.Release|Any CPU.ActiveCfg = Release|Any CPU
		{377665FE-72FA-468A-9743-741DDF99DAA8}.Release|Any CPU.Build.0 = Release|Any CPU
		{A0A44A6D-5199-47A9-9993-20553D58A8A1}.Debug|Any CPU.ActiveCfg = Debug|Any CPU
		{A0A44A6D-5199-47A9-9993-20553D58A8A1}.Debug|Any CPU.Build.0 = Debug|Any CPU
		{A0A44A6D-5199-47A9-9993-20553D58A8A1}.Release|Any CPU.ActiveCfg = Release|Any CPU
		{A0A44A6D-5199-47A9-9993-20553D58A8A1}.Release|Any CPU.Build.0 = Release|Any CPU
		{7B2A151A-9D30-449D-8DD1-C7E2E9BFC724}.Debug|Any CPU.ActiveCfg = Debug|Any CPU
		{7B2A151A-9D30-449D-8DD1-C7E2E9BFC724}.Debug|Any CPU.Build.0 = Debug|Any CPU
		{7B2A151A-9D30-449D-8DD1-C7E2E9BFC724}.Release|Any CPU.ActiveCfg = Release|Any CPU
		{7B2A151A-9D30-449D-8DD1-C7E2E9BFC724}.Release|Any CPU.Build.0 = Release|Any CPU
		{06157136-4DF8-4248-ADCB-4DE7DBCA02EA}.Debug|Any CPU.ActiveCfg = Debug|Any CPU
		{06157136-4DF8-4248-ADCB-4DE7DBCA02EA}.Debug|Any CPU.Build.0 = Debug|Any CPU
		{06157136-4DF8-4248-ADCB-4DE7DBCA02EA}.Release|Any CPU.ActiveCfg = Release|Any CPU
		{06157136-4DF8-4248-ADCB-4DE7DBCA02EA}.Release|Any CPU.Build.0 = Release|Any CPU
		{11381455-B05A-12CA-E7D4-F8D8C180603A}.Debug|Any CPU.ActiveCfg = Debug|Any CPU
		{11381455-B05A-12CA-E7D4-F8D8C180603A}.Debug|Any CPU.Build.0 = Debug|Any CPU
		{11381455-B05A-12CA-E7D4-F8D8C180603A}.Release|Any CPU.ActiveCfg = Release|Any CPU
		{11381455-B05A-12CA-E7D4-F8D8C180603A}.Release|Any CPU.Build.0 = Release|Any CPU
	EndGlobalSection
	GlobalSection(SolutionProperties) = preSolution
		HideSolutionNode = FALSE
	EndGlobalSection
	GlobalSection(ExtensibilityGlobals) = postSolution
		SolutionGuid = {B3569F4E-E7E6-4CB9-82DC-DA7BD30D98B3}
	EndGlobalSection
EndGlobal
